
Microsoft Visual Studio Solution File, Format Version 12.00
# Visual Studio 2013
VisualStudioVersion = 12.0.21005.1
MinimumVisualStudioVersion = 10.0.40219.1
Project("{8BC9CEB8-8B4A-11D0-8D11-00A0C91BC942}") = "VotacionElectronicaView", "VotacionElectronicaView\VotacionElectronicaView.vcxproj", "{61A928C5-EB31-43BF-9E62-A91CBAA6DB6A}"
EndProject
Project("{8BC9CEB8-8B4A-11D0-8D11-00A0C91BC942}") = "VotacionElectronicaModel", "VotacionElectronicaModel\VotacionElectronicaModel.vcxproj", "{D96A52AD-00C3-453F-A94D-FD0E978093B7}"
EndProject
Project("{8BC9CEB8-8B4A-11D0-8D11-00A0C91BC942}") = "VotacionElectronicaController", "VotacionElectronicaController\VotacionElectronicaController.vcxproj", "{DB19A822-4EA2-47CD-8F6A-E6FF2D9C5457}"
EndProject
Global
	GlobalSection(SolutionConfigurationPlatforms) = preSolution
		Debug|Win32 = Debug|Win32
		Release|Win32 = Release|Win32
	EndGlobalSection
	GlobalSection(ProjectConfigurationPlatforms) = postSolution
		{61A928C5-EB31-43BF-9E62-A91CBAA6DB6A}.Debug|Win32.ActiveCfg = Debug|Win32
		{61A928C5-EB31-43BF-9E62-A91CBAA6DB6A}.Debug|Win32.Build.0 = Debug|Win32
		{61A928C5-EB31-43BF-9E62-A91CBAA6DB6A}.Release|Win32.ActiveCfg = Release|Win32
		{61A928C5-EB31-43BF-9E62-A91CBAA6DB6A}.Release|Win32.Build.0 = Release|Win32
		{D96A52AD-00C3-453F-A94D-FD0E978093B7}.Debug|Win32.ActiveCfg = Debug|Win32
		{D96A52AD-00C3-453F-A94D-FD0E978093B7}.Debug|Win32.Build.0 = Debug|Win32
		{D96A52AD-00C3-453F-A94D-FD0E978093B7}.Release|Win32.ActiveCfg = Release|Win32
		{D96A52AD-00C3-453F-A94D-FD0E978093B7}.Release|Win32.Build.0 = Release|Win32
		{DB19A822-4EA2-47CD-8F6A-E6FF2D9C5457}.Debug|Win32.ActiveCfg = Debug|Win32
		{DB19A822-4EA2-47CD-8F6A-E6FF2D9C5457}.Debug|Win32.Build.0 = Debug|Win32
		{DB19A822-4EA2-47CD-8F6A-E6FF2D9C5457}.Release|Win32.ActiveCfg = Release|Win32
		{DB19A822-4EA2-47CD-8F6A-E6FF2D9C5457}.Release|Win32.Build.0 = Release|Win32
	EndGlobalSection
	GlobalSection(SolutionProperties) = preSolution
		HideSolutionNode = FALSE
	EndGlobalSection
EndGlobal
